Event Sourcing Automation Framework Don't be afraid to give up the good to go for the great. Virtual Machines Docker Firewalls Success doesn’t just find you. You have to go out and get it. Cache Invalidation DevOps The only way to do great work is to love what you do.
Event-driven Architecture Backend Parallel Processing CI/CD Load Balancing Simplicity is the ultimate sophistication. Firewalls Success is how high you bounce when you hit bottom. Don't be afraid to give up the good to go for the great. Framework Docker Happiness is not something ready made. It comes from your own actions. Kubernetes Dream big and dare to fail. Frontend
